github.com/jpanther/congo/v2 v1.5.3 h1:LBmLn+XnA1fG3GpT10m/0VSzkInzw3mpHD2wvRDwYNU=
github.com/jpanther/congo/v2 v1.5.3/go.mod h1:fFwW7KKbofyaZgwLJdh6h1L51UZrSyymQgk31rclcuQ=
github.com/jpanther/congo/v2 v1.6.4 h1:Pf84RN3jXMYVbeZIyPCb5krSDIjvuwbo7sv5fCGwbAE=
github.com/jpanther/congo/v2 v1.6.4/go.mod h1:fFwW7KKbofyaZgwLJdh6h1L51UZrSyymQgk31rclcuQ=
github.com/jpanther/congo/v2 v2.4.2 h1:c+WSf/9Mr+a/bR4w3YteHwnsS5eTWgkU0QC2Mqx9pjc=
github.com/jpanther/congo/v2 v2.4.2/go.mod h1:1S7DRoO1ZYS4YUdFd1LjTkdyjQwsjFWd8TqSfz3Jd+M=
github.com/jpanther/congo/v2 v2.6.1 h1:iA8uosVsiMl3JbBSBwMvrxEibzBcDp+RIj18f/cmlDs=
github.com/jpanther/congo/v2 v2.6.1/go.mod h1:1S7DRoO1ZYS4YUdFd1LjTkdyjQwsjFWd8TqSfz3Jd+M=
github.com/jpanther/congo/v2 v2.7.6 h1:gBz+Zx6PIVgMhknn0t9uOUQA0sSBFKhH4Miox/q9xew=
github.com/jpanther/congo/v2 v2.7.6/go.mod h1:1S7DRoO1ZYS4YUdFd1LjTkdyjQwsjFWd8TqSfz3Jd+M=
